
Microsoft Visual Studio Solution File, Format Version 12.00
# Visual Studio Version 16
VisualStudioVersion = 16.0.31424.327
MinimumVisualStudioVersion = 10.0.40219.1
Project("{9A19103F-16F7-4668-BE54-9A1E7A4F7556}") = "DaliFood.AdminPanel", "DaliFood.AdminPanel\DaliFood.AdminPanel.csproj", "{92E1A305-ACD7-4EAE-9FFE-CC458BF931C5}"
EndProject
Project("{9A19103F-16F7-4668-BE54-9A1E7A4F7556}") = "DaliFood.Models", "DaliFood.Models\DaliFood.Models.csproj", "{495A1302-8BFA-48BF-9B1D-BF08D648F9C0}"
EndProject
Project("{9A19103F-16F7-4668-BE54-9A1E7A4F7556}") = "DaliFood.Utilites", "DaliFood.Utilites\DaliFood.Utilites.csproj", "{DB18646E-742C-4091-9C00-07C4601660DB}"
EndProject
Project("{9A19103F-16F7-4668-BE54-9A1E7A4F7556}") = "DaliFood.AdminPanelML.Model", "DaliFood.AdminPanelML.Model\DaliFood.AdminPanelML.Model.csproj", "{33BB5DDC-5740-411C-9043-F40462EA3628}"
EndProject
Project("{9A19103F-16F7-4668-BE54-9A1E7A4F7556}") = "DaliFood.AdminPanelML.ConsoleApp", "DaliFood.AdminPanelML.ConsoleApp\DaliFood.AdminPanelML.ConsoleApp.csproj", "{3D250F30-0ABB-450A-AE03-9F489AEF8F07}"
EndProject
Project("{FAE04EC0-301F-11D3-BF4B-00C04F79EFBC}") = "DaliFood.WebApi", "DaliFood.WebApi\DaliFood.WebApi.csproj", "{7ACAD6A1-46B5-44BF-942F-36B910FF0945}"
EndProject
Global
	GlobalSection(SolutionConfigurationPlatforms) = preSolution
		Debug|Any CPU = Debug|Any CPU
		Release|Any CPU = Release|Any CPU
	EndGlobalSection
	GlobalSection(ProjectConfigurationPlatforms) = postSolution
		{92E1A305-ACD7-4EAE-9FFE-CC458BF931C5}.Debug|Any CPU.ActiveCfg = Debug|Any CPU
		{92E1A305-ACD7-4EAE-9FFE-CC458BF931C5}.Debug|Any CPU.Build.0 = Debug|Any CPU
		{92E1A305-ACD7-4EAE-9FFE-CC458BF931C5}.Release|Any CPU.ActiveCfg = Release|Any CPU
		{92E1A305-ACD7-4EAE-9FFE-CC458BF931C5}.Release|Any CPU.Build.0 = Release|Any CPU
		{495A1302-8BFA-48BF-9B1D-BF08D648F9C0}.Debug|Any CPU.ActiveCfg = Debug|Any CPU
		{495A1302-8BFA-48BF-9B1D-BF08D648F9C0}.Debug|Any CPU.Build.0 = Debug|Any CPU
		{495A1302-8BFA-48BF-9B1D-BF08D648F9C0}.Release|Any CPU.ActiveCfg = Release|Any CPU
		{495A1302-8BFA-48BF-9B1D-BF08D648F9C0}.Release|Any CPU.Build.0 = Release|Any CPU
		{DB18646E-742C-4091-9C00-07C4601660DB}.Debug|Any CPU.ActiveCfg = Debug|Any CPU
		{DB18646E-742C-4091-9C00-07C4601660DB}.Debug|Any CPU.Build.0 = Debug|Any CPU
		{DB18646E-742C-4091-9C00-07C4601660DB}.Release|Any CPU.ActiveCfg = Release|Any CPU
		{DB18646E-742C-4091-9C00-07C4601660DB}.Release|Any CPU.Build.0 = Release|Any CPU
		{33BB5DDC-5740-411C-9043-F40462EA3628}.Debug|Any CPU.ActiveCfg = Debug|Any CPU
		{33BB5DDC-5740-411C-9043-F40462EA3628}.Debug|Any CPU.Build.0 = Debug|Any CPU
		{33BB5DDC-5740-411C-9043-F40462EA3628}.Release|Any CPU.ActiveCfg = Release|Any CPU
		{33BB5DDC-5740-411C-9043-F40462EA3628}.Release|Any CPU.Build.0 = Release|Any CPU
		{3D250F30-0ABB-450A-AE03-9F489AEF8F07}.Debug|Any CPU.ActiveCfg = Debug|Any CPU
		{3D250F30-0ABB-450A-AE03-9F489AEF8F07}.Debug|Any CPU.Build.0 = Debug|Any CPU
		{3D250F30-0ABB-450A-AE03-9F489AEF8F07}.Release|Any CPU.ActiveCfg = Release|Any CPU
		{3D250F30-0ABB-450A-AE03-9F489AEF8F07}.Release|Any CPU.Build.0 = Release|Any CPU
		{7ACAD6A1-46B5-44BF-942F-36B910FF0945}.Debug|Any CPU.ActiveCfg = Debug|Any CPU
		{7ACAD6A1-46B5-44BF-942F-36B910FF0945}.Debug|Any CPU.Build.0 = Debug|Any CPU
		{7ACAD6A1-46B5-44BF-942F-36B910FF0945}.Release|Any CPU.ActiveCfg = Release|Any CPU
		{7ACAD6A1-46B5-44BF-942F-36B910FF0945}.Release|Any CPU.Build.0 = Release|Any CPU
	EndGlobalSection
	GlobalSection(SolutionProperties) = preSolution
		HideSolutionNode = FALSE
	EndGlobalSection
	GlobalSection(ExtensibilityGlobals) = postSolution
		SolutionGuid = {DED95A42-9A72-4E61-B081-40CF21ACDF69}
	EndGlobalSection
EndGlobal
